
Microsoft Visual Studio Solution File, Format Version 12.00
# Visual Studio 15
VisualStudioVersion = 15.0.26124.0
MinimumVisualStudioVersion = 15.0.26124.0
Project("{2150E333-8FDC-42A3-9474-1A3956D46DE8}") = "src", "src", "{05A8E3F8-3B46-4E43-8147-425FFA1AB52E}"
EndProject
Project("{FAE04EC0-301F-11D3-BF4B-00C04F79EFBC}") = "KetoPal.Api", "src\KetoPal.Api\KetoPal.Api.csproj", "{0648EBD5-8A93-43CC-A337-6FC8363BB6C2}"
EndProject
Project("{FAE04EC0-301F-11D3-BF4B-00C04F79EFBC}") = "KetoPal.Core", "src\KetoPal.Core\KetoPal.Core.csproj", "{D5A3DFEF-6C89-4929-8482-AD9AE48D9306}"
EndProject
Project("{FAE04EC0-301F-11D3-BF4B-00C04F79EFBC}") = "KetoPal.Infrastructure", "src\KetoPal.Infrastructure\KetoPal.Infrastructure.csproj", "{6D4B338E-ED0E-4B60-8680-B184A2352AD9}"
EndProject
Project("{2150E333-8FDC-42A3-9474-1A3956D46DE8}") = "test", "test", "{67F09AB0-984F-4730-BC9C-9BC19325CF63}"
EndProject
Project("{FAE04EC0-301F-11D3-BF4B-00C04F79EFBC}") = "KetoPal.Tests", "test\KetoPal.Tests\KetoPal.Tests.csproj", "{1A6D938D-6C4F-4BC1-B4CD-021FAA5AE317}"
EndProject
Project("{FAE04EC0-301F-11D3-BF4B-00C04F79EFBC}") = "KetoPal.SlowTests", "test\KetoPal.SlowTests\KetoPal.SlowTests.csproj", "{E9235A8A-9638-45AE-97F3-CE734E66DBC3}"
EndProject
Global
	GlobalSection(SolutionConfigurationPlatforms) = preSolution
		Debug|Any CPU = Debug|Any CPU
		Debug|x64 = Debug|x64
		Debug|x86 = Debug|x86
		Release|Any CPU = Release|Any CPU
		Release|x64 = Release|x64
		Release|x86 = Release|x86
	EndGlobalSection
	GlobalSection(SolutionProperties) = preSolution
		HideSolutionNode = FALSE
	EndGlobalSection
	GlobalSection(ProjectConfigurationPlatforms) = postSolution
		{0648EBD5-8A93-43CC-A337-6FC8363BB6C2}.Debug|Any CPU.ActiveCfg = Debug|Any CPU
		{0648EBD5-8A93-43CC-A337-6FC8363BB6C2}.Debug|Any CPU.Build.0 = Debug|Any CPU
		{0648EBD5-8A93-43CC-A337-6FC8363BB6C2}.Debug|x64.ActiveCfg = Debug|Any CPU
		{0648EBD5-8A93-43CC-A337-6FC8363BB6C2}.Debug|x64.Build.0 = Debug|Any CPU
		{0648EBD5-8A93-43CC-A337-6FC8363BB6C2}.Debug|x86.ActiveCfg = Debug|Any CPU
		{0648EBD5-8A93-43CC-A337-6FC8363BB6C2}.Debug|x86.Build.0 = Debug|Any CPU
		{0648EBD5-8A93-43CC-A337-6FC8363BB6C2}.Release|Any CPU.ActiveCfg = Release|Any CPU
		{0648EBD5-8A93-43CC-A337-6FC8363BB6C2}.Release|Any CPU.Build.0 = Release|Any CPU
		{0648EBD5-8A93-43CC-A337-6FC8363BB6C2}.Release|x64.ActiveCfg = Release|Any CPU
		{0648EBD5-8A93-43CC-A337-6FC8363BB6C2}.Release|x64.Build.0 = Release|Any CPU
		{0648EBD5-8A93-43CC-A337-6FC8363BB6C2}.Release|x86.ActiveCfg = Release|Any CPU
		{0648EBD5-8A93-43CC-A337-6FC8363BB6C2}.Release|x86.Build.0 = Release|Any CPU
		{D5A3DFEF-6C89-4929-8482-AD9AE48D9306}.Debug|Any CPU.ActiveCfg = Debug|Any CPU
		{D5A3DFEF-6C89-4929-8482-AD9AE48D9306}.Debug|Any CPU.Build.0 = Debug|Any CPU
		{D5A3DFEF-6C89-4929-8482-AD9AE48D9306}.Debug|x64.ActiveCfg = Debug|Any CPU
		{D5A3DFEF-6C89-4929-8482-AD9AE48D9306}.Debug|x64.Build.0 = Debug|Any CPU
		{D5A3DFEF-6C89-4929-8482-AD9AE48D9306}.Debug|x86.ActiveCfg = Debug|Any CPU
		{D5A3DFEF-6C89-4929-8482-AD9AE48D9306}.Debug|x86.Build.0 = Debug|Any CPU
		{D5A3DFEF-6C89-4929-8482-AD9AE48D9306}.Release|Any CPU.ActiveCfg = Release|Any CPU
		{D5A3DFEF-6C89-4929-8482-AD9AE48D9306}.Release|Any CPU.Build.0 = Release|Any CPU
		{D5A3DFEF-6C89-4929-8482-AD9AE48D9306}.Release|x64.ActiveCfg = Release|Any CPU
		{D5A3DFEF-6C89-4929-8482-AD9AE48D9306}.Release|x64.Build.0 = Release|Any CPU
		{D5A3DFEF-6C89-4929-8482-AD9AE48D9306}.Release|x86.ActiveCfg = Release|Any CPU
		{D5A3DFEF-6C89-4929-8482-AD9AE48D9306}.Release|x86.Build.0 = Release|Any CPU
		{6D4B338E-ED0E-4B60-8680-B184A2352AD9}.Debug|Any CPU.ActiveCfg = Debug|Any CPU
		{6D4B338E-ED0E-4B60-8680-B184A2352AD9}.Debug|Any CPU.Build.0 = Debug|Any CPU
		{6D4B338E-ED0E-4B60-8680-B184A2352AD9}.Debug|x64.ActiveCfg = Debug|Any CPU
		{6D4B338E-ED0E-4B60-8680-B184A2352AD9}.Debug|x64.Build.0 = Debug|Any CPU
		{6D4B338E-ED0E-4B60-8680-B184A2352AD9}.Debug|x86.ActiveCfg = Debug|Any CPU
		{6D4B338E-ED0E-4B60-8680-B184A2352AD9}.Debug|x86.Build.0 = Debug|Any CPU
		{6D4B338E-ED0E-4B60-8680-B184A2352AD9}.Release|Any CPU.ActiveCfg = Release|Any CPU
		{6D4B338E-ED0E-4B60-8680-B184A2352AD9}.Release|Any CPU.Build.0 = Release|Any CPU
		{6D4B338E-ED0E-4B60-8680-B184A2352AD9}.Release|x64.ActiveCfg = Release|Any CPU
		{6D4B338E-ED0E-4B60-8680-B184A2352AD9}.Release|x64.Build.0 = Release|Any CPU
		{6D4B338E-ED0E-4B60-8680-B184A2352AD9}.Release|x86.ActiveCfg = Release|Any CPU
		{6D4B338E-ED0E-4B60-8680-B184A2352AD9}.Release|x86.Build.0 = Release|Any CPU
		{1A6D938D-6C4F-4BC1-B4CD-021FAA5AE317}.Debug|Any CPU.ActiveCfg = Debug|Any CPU
		{1A6D938D-6C4F-4BC1-B4CD-021FAA5AE317}.Debug|Any CPU.Build.0 = Debug|Any CPU
		{1A6D938D-6C4F-4BC1-B4CD-021FAA5AE317}.Debug|x64.ActiveCfg = Debug|Any CPU
		{1A6D938D-6C4F-4BC1-B4CD-021FAA5AE317}.Debug|x64.Build.0 = Debug|Any CPU
		{1A6D938D-6C4F-4BC1-B4CD-021FAA5AE317}.Debug|x86.ActiveCfg = Debug|Any CPU
		{1A6D938D-6C4F-4BC1-B4CD-021FAA5AE317}.Debug|x86.Build.0 = Debug|Any CPU
		{1A6D938D-6C4F-4BC1-B4CD-021FAA5AE317}.Release|Any CPU.ActiveCfg = Release|Any CPU
		{1A6D938D-6C4F-4BC1-B4CD-021FAA5AE317}.Release|Any CPU.Build.0 = Release|Any CPU
		{1A6D938D-6C4F-4BC1-B4CD-021FAA5AE317}.Release|x64.ActiveCfg = Release|Any CPU
		{1A6D938D-6C4F-4BC1-B4CD-021FAA5AE317}.Release|x64.Build.0 = Release|Any CPU
		{1A6D938D-6C4F-4BC1-B4CD-021FAA5AE317}.Release|x86.ActiveCfg = Release|Any CPU
		{1A6D938D-6C4F-4BC1-B4CD-021FAA5AE317}.Release|x86.Build.0 = Release|Any CPU
		{E9235A8A-9638-45AE-97F3-CE734E66DBC3}.Debug|Any CPU.ActiveCfg = Debug|Any CPU
		{E9235A8A-9638-45AE-97F3-CE734E66DBC3}.Debug|Any CPU.Build.0 = Debug|Any CPU
		{E9235A8A-9638-45AE-97F3-CE734E66DBC3}.Debug|x64.ActiveCfg = Debug|Any CPU
		{E9235A8A-9638-45AE-97F3-CE734E66DBC3}.Debug|x64.Build.0 = Debug|Any CPU
		{E9235A8A-9638-45AE-97F3-CE734E66DBC3}.Debug|x86.ActiveCfg = Debug|Any CPU
		{E9235A8A-9638-45AE-97F3-CE734E66DBC3}.Debug|x86.Build.0 = Debug|Any CPU
		{E9235A8A-9638-45AE-97F3-CE734E66DBC3}.Release|Any CPU.ActiveCfg = Release|Any CPU
		{E9235A8A-9638-45AE-97F3-CE734E66DBC3}.Release|Any CPU.Build.0 = Release|Any CPU
		{E9235A8A-9638-45AE-97F3-CE734E66DBC3}.Release|x64.ActiveCfg = Release|Any CPU
		{E9235A8A-9638-45AE-97F3-CE734E66DBC3}.Release|x64.Build.0 = Release|Any CPU
		{E9235A8A-9638-45AE-97F3-CE734E66DBC3}.Release|x86.ActiveCfg = Release|Any CPU
		{E9235A8A-9638-45AE-97F3-CE734E66DBC3}.Release|x86.Build.0 = Release|Any CPU
	EndGlobalSection
	GlobalSection(NestedProjects) = preSolution
		{0648EBD5-8A93-43CC-A337-6FC8363BB6C2} = {05A8E3F8-3B46-4E43-8147-425FFA1AB52E}
		{D5A3DFEF-6C89-4929-8482-AD9AE48D9306} = {05A8E3F8-3B46-4E43-8147-425FFA1AB52E}
		{6D4B338E-ED0E-4B60-8680-B184A2352AD9} = {05A8E3F8-3B46-4E43-8147-425FFA1AB52E}
		{1A6D938D-6C4F-4BC1-B4CD-021FAA5AE317} = {67F09AB0-984F-4730-BC9C-9BC19325CF63}
		{E9235A8A-9638-45AE-97F3-CE734E66DBC3} = {67F09AB0-984F-4730-BC9C-9BC19325CF63}
	EndGlobalSection
EndGlobal
