
Microsoft Visual Studio Solution File, Format Version 12.00
# Visual Studio Version 16
VisualStudioVersion = 16.0.29009.5
MinimumVisualStudioVersion = 15.0.26124.0
Project("{2150E333-8FDC-42A3-9474-1A3956D46DE8}") = "src", "src", "{05A8E3F8-3B46-4E43-8147-425FFA1AB52E}"
EndProject
Project("{2150E333-8FDC-42A3-9474-1A3956D46DE8}") = "test", "test", "{67F09AB0-984F-4730-BC9C-9BC19325CF63}"
EndProject
Project("{9A19103F-16F7-4668-BE54-9A1E7A4F7556}") = "KetoPal.Tests", "test\KetoPal.Tests\KetoPal.Tests.csproj", "{1A6D938D-6C4F-4BC1-B4CD-021FAA5AE317}"
EndProject
Project("{9A19103F-16F7-4668-BE54-9A1E7A4F7556}") = "KetoPal.SlowTests", "test\KetoPal.SlowTests\KetoPal.SlowTests.csproj", "{E9235A8A-9638-45AE-97F3-CE734E66DBC3}"
EndProject
Project("{9A19103F-16F7-4668-BE54-9A1E7A4F7556}") = "KetoPal.Identity", "src\Services\Identity\KetoPal.Identity\KetoPal.Identity.csproj", "{26DE62FB-3F27-4E84-A014-DD8E033976EE}"
EndProject
Project("{2150E333-8FDC-42A3-9474-1A3956D46DE8}") = "Services", "Services", "{A47CCC42-37CD-4A71-BA59-71BE183E6594}"
EndProject
Project("{2150E333-8FDC-42A3-9474-1A3956D46DE8}") = "Identity", "Identity", "{4FEE9740-E0F0-4EF1-9C27-AC201B44023C}"
EndProject
Project("{E53339B2-1760-4266-BCC7-CA923CBCF16C}") = "docker-compose", "docker-compose.dcproj", "{D42233C0-025B-43CE-9DC5-C1C56E9D52AD}"
EndProject
Project("{2150E333-8FDC-42A3-9474-1A3956D46DE8}") = "API", "API", "{D93E7E34-8871-41BE-B946-C9E82C0867E1}"
EndProject
Project("{9A19103F-16F7-4668-BE54-9A1E7A4F7556}") = "KetoPal.Api", "src\Services\API\KetoPal.Api\KetoPal.Api.csproj", "{D028799F-920A-462E-8C7F-0E21A34B04A3}"
EndProject
Project("{9A19103F-16F7-4668-BE54-9A1E7A4F7556}") = "KetoPal.Core", "src\Services\API\KetoPal.Core\KetoPal.Core.csproj", "{592D4383-CC19-4C28-88DF-2B7EC11220E5}"
EndProject
Project("{9A19103F-16F7-4668-BE54-9A1E7A4F7556}") = "KetoPal.Infrastructure", "src\Services\API\KetoPal.Infrastructure\KetoPal.Infrastructure.csproj", "{88D15D68-0701-43F2-B799-A12CBFC9961F}"
EndProject
Project("{2150E333-8FDC-42A3-9474-1A3956D46DE8}") = "Gateways", "Gateways", "{5035DE5A-8560-416C-8982-BE389A0A03E1}"
EndProject
Project("{2150E333-8FDC-42A3-9474-1A3956D46DE8}") = "BuildingBlocks", "BuildingBlocks", "{A4D2DD4E-4A15-492F-A847-F0EAF43FA574}"
EndProject
Project("{2150E333-8FDC-42A3-9474-1A3956D46DE8}") = "WebHostCustomization", "WebHostCustomization", "{76653234-2DB3-495D-80DB-80B7320C0B96}"
EndProject
Project("{9A19103F-16F7-4668-BE54-9A1E7A4F7556}") = "WebHost.Customization", "src\BuildingBlocks\WebHostCustomization\WebHost.Customization\WebHost.Customization.csproj", "{C57D51F3-7563-494D-8AB2-D4CDA80FC673}"
EndProject
Project("{9A19103F-16F7-4668-BE54-9A1E7A4F7556}") = "KetoPal.Gateway", "src\Gateways\KetoPal.Gateway\KetoPal.Gateway.csproj", "{6A5B8917-6535-484A-8879-C33248BD9789}"
EndProject
Global
	GlobalSection(SolutionConfigurationPlatforms) = preSolution
		Debug|Any CPU = Debug|Any CPU
		Debug|x64 = Debug|x64
		Debug|x86 = Debug|x86
		Release|Any CPU = Release|Any CPU
		Release|x64 = Release|x64
		Release|x86 = Release|x86
	EndGlobalSection
	GlobalSection(ProjectConfigurationPlatforms) = postSolution
		{1A6D938D-6C4F-4BC1-B4CD-021FAA5AE317}.Debug|Any CPU.ActiveCfg = Debug|Any CPU
		{1A6D938D-6C4F-4BC1-B4CD-021FAA5AE317}.Debug|Any CPU.Build.0 = Debug|Any CPU
		{1A6D938D-6C4F-4BC1-B4CD-021FAA5AE317}.Debug|x64.ActiveCfg = Debug|Any CPU
		{1A6D938D-6C4F-4BC1-B4CD-021FAA5AE317}.Debug|x64.Build.0 = Debug|Any CPU
		{1A6D938D-6C4F-4BC1-B4CD-021FAA5AE317}.Debug|x86.ActiveCfg = Debug|Any CPU
		{1A6D938D-6C4F-4BC1-B4CD-021FAA5AE317}.Debug|x86.Build.0 = Debug|Any CPU
		{1A6D938D-6C4F-4BC1-B4CD-021FAA5AE317}.Release|Any CPU.ActiveCfg = Release|Any CPU
		{1A6D938D-6C4F-4BC1-B4CD-021FAA5AE317}.Release|Any CPU.Build.0 = Release|Any CPU
		{1A6D938D-6C4F-4BC1-B4CD-021FAA5AE317}.Release|x64.ActiveCfg = Release|Any CPU
		{1A6D938D-6C4F-4BC1-B4CD-021FAA5AE317}.Release|x64.Build.0 = Release|Any CPU
		{1A6D938D-6C4F-4BC1-B4CD-021FAA5AE317}.Release|x86.ActiveCfg = Release|Any CPU
		{1A6D938D-6C4F-4BC1-B4CD-021FAA5AE317}.Release|x86.Build.0 = Release|Any CPU
		{E9235A8A-9638-45AE-97F3-CE734E66DBC3}.Debug|Any CPU.ActiveCfg = Debug|Any CPU
		{E9235A8A-9638-45AE-97F3-CE734E66DBC3}.Debug|Any CPU.Build.0 = Debug|Any CPU
		{E9235A8A-9638-45AE-97F3-CE734E66DBC3}.Debug|x64.ActiveCfg = Debug|Any CPU
		{E9235A8A-9638-45AE-97F3-CE734E66DBC3}.Debug|x64.Build.0 = Debug|Any CPU
		{E9235A8A-9638-45AE-97F3-CE734E66DBC3}.Debug|x86.ActiveCfg = Debug|Any CPU
		{E9235A8A-9638-45AE-97F3-CE734E66DBC3}.Debug|x86.Build.0 = Debug|Any CPU
		{E9235A8A-9638-45AE-97F3-CE734E66DBC3}.Release|Any CPU.ActiveCfg = Release|Any CPU
		{E9235A8A-9638-45AE-97F3-CE734E66DBC3}.Release|Any CPU.Build.0 = Release|Any CPU
		{E9235A8A-9638-45AE-97F3-CE734E66DBC3}.Release|x64.ActiveCfg = Release|Any CPU
		{E9235A8A-9638-45AE-97F3-CE734E66DBC3}.Release|x64.Build.0 = Release|Any CPU
		{E9235A8A-9638-45AE-97F3-CE734E66DBC3}.Release|x86.ActiveCfg = Release|Any CPU
		{E9235A8A-9638-45AE-97F3-CE734E66DBC3}.Release|x86.Build.0 = Release|Any CPU
		{26DE62FB-3F27-4E84-A014-DD8E033976EE}.Debug|Any CPU.ActiveCfg = Debug|Any CPU
		{26DE62FB-3F27-4E84-A014-DD8E033976EE}.Debug|Any CPU.Build.0 = Debug|Any CPU
		{26DE62FB-3F27-4E84-A014-DD8E033976EE}.Debug|x64.ActiveCfg = Debug|Any CPU
		{26DE62FB-3F27-4E84-A014-DD8E033976EE}.Debug|x64.Build.0 = Debug|Any CPU
		{26DE62FB-3F27-4E84-A014-DD8E033976EE}.Debug|x86.ActiveCfg = Debug|Any CPU
		{26DE62FB-3F27-4E84-A014-DD8E033976EE}.Debug|x86.Build.0 = Debug|Any CPU
		{26DE62FB-3F27-4E84-A014-DD8E033976EE}.Release|Any CPU.ActiveCfg = Release|Any CPU
		{26DE62FB-3F27-4E84-A014-DD8E033976EE}.Release|Any CPU.Build.0 = Release|Any CPU
		{26DE62FB-3F27-4E84-A014-DD8E033976EE}.Release|x64.ActiveCfg = Release|Any CPU
		{26DE62FB-3F27-4E84-A014-DD8E033976EE}.Release|x64.Build.0 = Release|Any CPU
		{26DE62FB-3F27-4E84-A014-DD8E033976EE}.Release|x86.ActiveCfg = Release|Any CPU
		{26DE62FB-3F27-4E84-A014-DD8E033976EE}.Release|x86.Build.0 = Release|Any CPU
		{D42233C0-025B-43CE-9DC5-C1C56E9D52AD}.Debug|Any CPU.ActiveCfg = Debug|Any CPU
		{D42233C0-025B-43CE-9DC5-C1C56E9D52AD}.Debug|Any CPU.Build.0 = Debug|Any CPU
		{D42233C0-025B-43CE-9DC5-C1C56E9D52AD}.Debug|x64.ActiveCfg = Debug|Any CPU
		{D42233C0-025B-43CE-9DC5-C1C56E9D52AD}.Debug|x64.Build.0 = Debug|Any CPU
		{D42233C0-025B-43CE-9DC5-C1C56E9D52AD}.Debug|x86.ActiveCfg = Debug|Any CPU
		{D42233C0-025B-43CE-9DC5-C1C56E9D52AD}.Debug|x86.Build.0 = Debug|Any CPU
		{D42233C0-025B-43CE-9DC5-C1C56E9D52AD}.Release|Any CPU.ActiveCfg = Release|Any CPU
		{D42233C0-025B-43CE-9DC5-C1C56E9D52AD}.Release|Any CPU.Build.0 = Release|Any CPU
		{D42233C0-025B-43CE-9DC5-C1C56E9D52AD}.Release|x64.ActiveCfg = Release|Any CPU
		{D42233C0-025B-43CE-9DC5-C1C56E9D52AD}.Release|x64.Build.0 = Release|Any CPU
		{D42233C0-025B-43CE-9DC5-C1C56E9D52AD}.Release|x86.ActiveCfg = Release|Any CPU
		{D42233C0-025B-43CE-9DC5-C1C56E9D52AD}.Release|x86.Build.0 = Release|Any CPU
		{D028799F-920A-462E-8C7F-0E21A34B04A3}.Debug|Any CPU.ActiveCfg = Debug|Any CPU
		{D028799F-920A-462E-8C7F-0E21A34B04A3}.Debug|Any CPU.Build.0 = Debug|Any CPU
		{D028799F-920A-462E-8C7F-0E21A34B04A3}.Debug|x64.ActiveCfg = Debug|Any CPU
		{D028799F-920A-462E-8C7F-0E21A34B04A3}.Debug|x64.Build.0 = Debug|Any CPU
		{D028799F-920A-462E-8C7F-0E21A34B04A3}.Debug|x86.ActiveCfg = Debug|Any CPU
		{D028799F-920A-462E-8C7F-0E21A34B04A3}.Debug|x86.Build.0 = Debug|Any CPU
		{D028799F-920A-462E-8C7F-0E21A34B04A3}.Release|Any CPU.ActiveCfg = Release|Any CPU
		{D028799F-920A-462E-8C7F-0E21A34B04A3}.Release|Any CPU.Build.0 = Release|Any CPU
		{D028799F-920A-462E-8C7F-0E21A34B04A3}.Release|x64.ActiveCfg = Release|Any CPU
		{D028799F-920A-462E-8C7F-0E21A34B04A3}.Release|x64.Build.0 = Release|Any CPU
		{D028799F-920A-462E-8C7F-0E21A34B04A3}.Release|x86.ActiveCfg = Release|Any CPU
		{D028799F-920A-462E-8C7F-0E21A34B04A3}.Release|x86.Build.0 = Release|Any CPU
		{592D4383-CC19-4C28-88DF-2B7EC11220E5}.Debug|Any CPU.ActiveCfg = Debug|Any CPU
		{592D4383-CC19-4C28-88DF-2B7EC11220E5}.Debug|Any CPU.Build.0 = Debug|Any CPU
		{592D4383-CC19-4C28-88DF-2B7EC11220E5}.Debug|x64.ActiveCfg = Debug|Any CPU
		{592D4383-CC19-4C28-88DF-2B7EC11220E5}.Debug|x64.Build.0 = Debug|Any CPU
		{592D4383-CC19-4C28-88DF-2B7EC11220E5}.Debug|x86.ActiveCfg = Debug|Any CPU
		{592D4383-CC19-4C28-88DF-2B7EC11220E5}.Debug|x86.Build.0 = Debug|Any CPU
		{592D4383-CC19-4C28-88DF-2B7EC11220E5}.Release|Any CPU.ActiveCfg = Release|Any CPU
		{592D4383-CC19-4C28-88DF-2B7EC11220E5}.Release|Any CPU.Build.0 = Release|Any CPU
		{592D4383-CC19-4C28-88DF-2B7EC11220E5}.Release|x64.ActiveCfg = Release|Any CPU
		{592D4383-CC19-4C28-88DF-2B7EC11220E5}.Release|x64.Build.0 = Release|Any CPU
		{592D4383-CC19-4C28-88DF-2B7EC11220E5}.Release|x86.ActiveCfg = Release|Any CPU
		{592D4383-CC19-4C28-88DF-2B7EC11220E5}.Release|x86.Build.0 = Release|Any CPU
		{88D15D68-0701-43F2-B799-A12CBFC9961F}.Debug|Any CPU.ActiveCfg = Debug|Any CPU
		{88D15D68-0701-43F2-B799-A12CBFC9961F}.Debug|Any CPU.Build.0 = Debug|Any CPU
		{88D15D68-0701-43F2-B799-A12CBFC9961F}.Debug|x64.ActiveCfg = Debug|Any CPU
		{88D15D68-0701-43F2-B799-A12CBFC9961F}.Debug|x64.Build.0 = Debug|Any CPU
		{88D15D68-0701-43F2-B799-A12CBFC9961F}.Debug|x86.ActiveCfg = Debug|Any CPU
		{88D15D68-0701-43F2-B799-A12CBFC9961F}.Debug|x86.Build.0 = Debug|Any CPU
		{88D15D68-0701-43F2-B799-A12CBFC9961F}.Release|Any CPU.ActiveCfg = Release|Any CPU
		{88D15D68-0701-43F2-B799-A12CBFC9961F}.Release|Any CPU.Build.0 = Release|Any CPU
		{88D15D68-0701-43F2-B799-A12CBFC9961F}.Release|x64.ActiveCfg = Release|Any CPU
		{88D15D68-0701-43F2-B799-A12CBFC9961F}.Release|x64.Build.0 = Release|Any CPU
		{88D15D68-0701-43F2-B799-A12CBFC9961F}.Release|x86.ActiveCfg = Release|Any CPU
		{88D15D68-0701-43F2-B799-A12CBFC9961F}.Release|x86.Build.0 = Release|Any CPU
		{C57D51F3-7563-494D-8AB2-D4CDA80FC673}.Debug|Any CPU.ActiveCfg = Debug|Any CPU
		{C57D51F3-7563-494D-8AB2-D4CDA80FC673}.Debug|Any CPU.Build.0 = Debug|Any CPU
		{C57D51F3-7563-494D-8AB2-D4CDA80FC673}.Debug|x64.ActiveCfg = Debug|Any CPU
		{C57D51F3-7563-494D-8AB2-D4CDA80FC673}.Debug|x64.Build.0 = Debug|Any CPU
		{C57D51F3-7563-494D-8AB2-D4CDA80FC673}.Debug|x86.ActiveCfg = Debug|Any CPU
		{C57D51F3-7563-494D-8AB2-D4CDA80FC673}.Debug|x86.Build.0 = Debug|Any CPU
		{C57D51F3-7563-494D-8AB2-D4CDA80FC673}.Release|Any CPU.ActiveCfg = Release|Any CPU
		{C57D51F3-7563-494D-8AB2-D4CDA80FC673}.Release|Any CPU.Build.0 = Release|Any CPU
		{C57D51F3-7563-494D-8AB2-D4CDA80FC673}.Release|x64.ActiveCfg = Release|Any CPU
		{C57D51F3-7563-494D-8AB2-D4CDA80FC673}.Release|x64.Build.0 = Release|Any CPU
		{C57D51F3-7563-494D-8AB2-D4CDA80FC673}.Release|x86.ActiveCfg = Release|Any CPU
		{C57D51F3-7563-494D-8AB2-D4CDA80FC673}.Release|x86.Build.0 = Release|Any CPU
		{6A5B8917-6535-484A-8879-C33248BD9789}.Debug|Any CPU.ActiveCfg = Debug|Any CPU
		{6A5B8917-6535-484A-8879-C33248BD9789}.Debug|Any CPU.Build.0 = Debug|Any CPU
		{6A5B8917-6535-484A-8879-C33248BD9789}.Debug|x64.ActiveCfg = Debug|Any CPU
		{6A5B8917-6535-484A-8879-C33248BD9789}.Debug|x64.Build.0 = Debug|Any CPU
		{6A5B8917-6535-484A-8879-C33248BD9789}.Debug|x86.ActiveCfg = Debug|Any CPU
		{6A5B8917-6535-484A-8879-C33248BD9789}.Debug|x86.Build.0 = Debug|Any CPU
		{6A5B8917-6535-484A-8879-C33248BD9789}.Release|Any CPU.ActiveCfg = Release|Any CPU
		{6A5B8917-6535-484A-8879-C33248BD9789}.Release|Any CPU.Build.0 = Release|Any CPU
		{6A5B8917-6535-484A-8879-C33248BD9789}.Release|x64.ActiveCfg = Release|Any CPU
		{6A5B8917-6535-484A-8879-C33248BD9789}.Release|x64.Build.0 = Release|Any CPU
		{6A5B8917-6535-484A-8879-C33248BD9789}.Release|x86.ActiveCfg = Release|Any CPU
		{6A5B8917-6535-484A-8879-C33248BD9789}.Release|x86.Build.0 = Release|Any CPU
	EndGlobalSection
	GlobalSection(SolutionProperties) = preSolution
		HideSolutionNode = FALSE
	EndGlobalSection
	GlobalSection(NestedProjects) = preSolution
		{1A6D938D-6C4F-4BC1-B4CD-021FAA5AE317} = {67F09AB0-984F-4730-BC9C-9BC19325CF63}
		{E9235A8A-9638-45AE-97F3-CE734E66DBC3} = {67F09AB0-984F-4730-BC9C-9BC19325CF63}
		{26DE62FB-3F27-4E84-A014-DD8E033976EE} = {4FEE9740-E0F0-4EF1-9C27-AC201B44023C}
		{A47CCC42-37CD-4A71-BA59-71BE183E6594} = {05A8E3F8-3B46-4E43-8147-425FFA1AB52E}
		{4FEE9740-E0F0-4EF1-9C27-AC201B44023C} = {A47CCC42-37CD-4A71-BA59-71BE183E6594}
		{D93E7E34-8871-41BE-B946-C9E82C0867E1} = {A47CCC42-37CD-4A71-BA59-71BE183E6594}
		{D028799F-920A-462E-8C7F-0E21A34B04A3} = {D93E7E34-8871-41BE-B946-C9E82C0867E1}
		{592D4383-CC19-4C28-88DF-2B7EC11220E5} = {D93E7E34-8871-41BE-B946-C9E82C0867E1}
		{88D15D68-0701-43F2-B799-A12CBFC9961F} = {D93E7E34-8871-41BE-B946-C9E82C0867E1}
		{5035DE5A-8560-416C-8982-BE389A0A03E1} = {05A8E3F8-3B46-4E43-8147-425FFA1AB52E}
		{A4D2DD4E-4A15-492F-A847-F0EAF43FA574} = {05A8E3F8-3B46-4E43-8147-425FFA1AB52E}
		{76653234-2DB3-495D-80DB-80B7320C0B96} = {A4D2DD4E-4A15-492F-A847-F0EAF43FA574}
		{C57D51F3-7563-494D-8AB2-D4CDA80FC673} = {76653234-2DB3-495D-80DB-80B7320C0B96}
		{6A5B8917-6535-484A-8879-C33248BD9789} = {5035DE5A-8560-416C-8982-BE389A0A03E1}
	EndGlobalSection
	GlobalSection(ExtensibilityGlobals) = postSolution
		SolutionGuid = {2EC9B83D-CF93-4509-8FD5-44A5D6B08F35}
	EndGlobalSection
EndGlobal
